{
    "_readme": [
        "This file locks the dependencies of your project to a known state",
        "Read more about it at http://getcomposer.org/doc/01-basic-usage.md#composer-lock-the-lock-file"
    ],
    "hash": "5e68cc758c5a8f8678e2856bd03d20c6",
    "packages": [

    ],
    "packages-dev": [
        {
            "name": "breerly/zf1",
            "version": "1.11.11",
            "source": {
                "type": "git",
                "url": "https://github.com/breerly/zf1",
                "reference": "1.11.11"
            },
            "dist": {
                "type": "zip",
                "url": "https://github.com/breerly/zf1/zipball/1.11.11",
                "reference": "1.11.11",
                "shasum": ""
            },
            "require": {
                "php": ">=5.2.4"
            },
            "bin": [
                "bin/zf.php"
            ],
            "type": "library",
            "autoload": {
                "psr-0": {
                    "Zend_": "library/",
                    "ZendX_": "extras/library/"
                }
            },
            "notification-url": "https://packagist.org/downloads/",
            "include-path": [
                "library/"
            ],
            "description": "Zend Framework 1",
            "homepage": "https://github.com/breerly/zf1",
            "keywords": [
                "ZF1",
                "Zend Framework",
                "zend",
                "zend framework 1",
                "zf"
            ],
            "time": "2012-05-31 06:45:44"
        }
    ],
    "aliases": [

    ],
    "minimum-stability": "stable",
    "stability-flags": [

    ],
    "platform": {
        "php": ">=5.2.4"
    },
    "platform-dev": [

    ]
}
